
Microsoft Visual Studio Solution File, Format Version 12.00
# Visual Studio Version 17
VisualStudioVersion = 17.9.34728.123
MinimumVisualStudioVersion = 10.0.40219.1
Project("{9A19103F-16F7-4668-BE54-9A1E7A4F7556}") = "TareaRazor", "TareaRazor\TareaRazor.csproj", "{B20CF355-25A9-4114-96F0-1304E951CF44}"
EndProject
Global
	GlobalSection(SolutionConfigurationPlatforms) = preSolution
		Debug|Any CPU = Debug|Any CPU
		Release|Any CPU = Release|Any CPU
	EndGlobalSection
	GlobalSection(ProjectConfigurationPlatforms) = postSolution
		{B20CF355-25A9-4114-96F0-1304E951CF44}.Debug|Any CPU.ActiveCfg = Debug|Any CPU
		{B20CF355-25A9-4114-96F0-1304E951CF44}.Debug|Any CPU.Build.0 = Debug|Any CPU
		{B20CF355-25A9-4114-96F0-1304E951CF44}.Release|Any CPU.ActiveCfg = Release|Any CPU
		{B20CF355-25A9-4114-96F0-1304E951CF44}.Release|Any CPU.Build.0 = Release|Any CPU
	EndGlobalSection
	GlobalSection(SolutionProperties) = preSolution
		HideSolutionNode = FALSE
	EndGlobalSection
	GlobalSection(ExtensibilityGlobals) = postSolution
		SolutionGuid = {AFB23C2E-B29D-44C7-BFFB-78A995D84D4E}
	EndGlobalSection
EndGlobal
